// !$*UTF8*$!
{
	archiveVersion = 1;
	classes = {
	};
	objectVersion = 50;
	objects = {

/* Begin PBXBuildFile section */
		D5EA732A270C25D100A1572D /* AppDelegate.swift in Sources */ = {isa = PBXBuildFile; fileRef = D5EA7329270C25D100A1572D /* AppDelegate.swift */; };
		D5EA732C270C25D100A1572D /* SceneDelegate.swift in Sources */ = {isa = PBXBuildFile; fileRef = D5EA732B270C25D100A1572D /* SceneDelegate.swift */; };
		D5EA732E270C25D100A1572D /* ViewController.swift in Sources */ = {isa = PBXBuildFile; fileRef = D5EA732D270C25D100A1572D /* ViewController.swift */; };
		D5EA7331270C25D100A1572D /* Main.storyboard in Resources */ = {isa = PBXBuildFile; fileRef = D5EA732F270C25D100A1572D /* Main.storyboard */; };
		D5EA7333270C25D300A1572D /* Assets.xcassets in Resources */ = {isa = PBXBuildFile; fileRef = D5EA7332270C25D300A1572D /* Assets.xcassets */; };
		D5EA7336270C25D300A1572D /* LaunchScreen.storyboard in Resources */ = {isa = PBXBuildFile; fileRef = D5EA7334270C25D300A1572D /* LaunchScreen.storyboard */; };
		D5EA7341270C25D300A1572D /* FlixTests.swift in Sources */ = {isa = PBXBuildFile; fileRef = D5EA7340270C25D300A1572D /* FlixTests.swift */; };
		D5EA734C270C25D300A1572D /* FlixUITests.swift in Sources */ = {isa = PBXBuildFile; fileRef = D5EA734B270C25D300A1572D /* FlixUITests.swift */; };
/* End PBXBuildFile section */

/* Begin PBXContainerItemProxy section */
		D5EA733D270C25D300A1572D /* PBXContainerItemProxy */ = {
			isa = PBXContainerItemProxy;
			containerPortal = D5EA731E270C25D100A1572D /* Project object */;
			proxyType = 1;
			remoteGlobalIDString = D5EA7325270C25D100A1572D;
			remoteInfo = Flix;
		};
		D5EA7348270C25D300A1572D /* PBXContainerItemProxy */ = {
			isa = PBXContainerItemProxy;
			containerPortal = D5EA731E270C25D100A1572D /* Project object */;
			proxyType = 1;
			remoteGlobalIDString = D5EA7325270C25D100A1572D;
			remoteInfo = Flix;
		};
/* End PBXContainerItemProxy section */

/* Begin PBXFileReference section */
		D5EA7326270C25D100A1572D /* Flix.app */ = {isa = PBXFileReference; explicitFileType = wrapper.application; includeInIndex = 0; path = Flix.app; sourceTree = BUILT_PRODUCTS_DIR; };
		D5EA7329270C25D100A1572D /* AppDelegate.swift */ = {isa = PBXFileReference; lastKnownFileType = sourcecode.swift; path = AppDelegate.swift; sourceTree = "<group>"; };
		D5EA732B270C25D100A1572D /* SceneDelegate.swift */ = {isa = PBXFileReference; lastKnownFileType = sourcecode.swift; path = SceneDelegate.swift; sourceTree = "<group>"; };
		D5EA732D270C25D100A1572D /* ViewController.swift */ = {isa = PBXFileReference; lastKnownFileType = sourcecode.swift; path = ViewController.swift; sourceTree = "<group>"; };
		D5EA7330270C25D100A1572D /* Base */ = {isa = PBXFileReference; lastKnownFileType = file.storyboard; name = Base; path = Base.lproj/Main.storyboard; sourceTree = "<group>"; };
		D5EA7332270C25D300A1572D /* Assets.xcassets */ = {isa = PBXFileReference; lastKnownFileType = folder.assetcatalog; path = Assets.xcassets; sourceTree = "<group>"; };
		D5EA7335270C25D300A1572D /* Base */ = {isa = PBXFileReference; lastKnownFileType = file.storyboard; name = Base; path = Base.lproj/LaunchScreen.storyboard; sourceTree = "<group>"; };
		D5EA7337270C25D300A1572D /* Info.plist */ = {isa = PBXFileReference; lastKnownFileType = text.plist.xml; path = Info.plist; sourceTree = "<group>"; };
		D5EA733C270C25D300A1572D /* FlixTests.xctest */ = {isa = PBXFileReference; explicitFileType = wrapper.cfbundle; includeInIndex = 0; path = FlixTests.xctest; sourceTree = BUILT_PRODUCTS_DIR; };
		D5EA7340270C25D300A1572D /* FlixTests.swift */ = {isa = PBXFileReference; lastKnownFileType = sourcecode.swift; path = FlixTests.swift; sourceTree = "<group>"; };
		D5EA7342270C25D300A1572D /* Info.plist */ = {isa = PBXFileReference; lastKnownFileType = text.plist.xml; path = Info.plist; sourceTree = "<group>"; };
		D5EA7347270C25D300A1572D /* FlixUITests.xctest */ = {isa = PBXFileReference; explicitFileType = wrapper.cfbundle; includeInIndex = 0; path = FlixUITests.xctest; sourceTree = BUILT_PRODUCTS_DIR; };
		D5EA734B270C25D300A1572D /* FlixUITests.swift */ = {isa = PBXFileReference; lastKnownFileType = sourcecode.swift; path = FlixUITests.swift; sourceTree = "<group>"; };
		D5EA734D270C25D300A1572D /* Info.plist */ = {isa = PBXFileReference; lastKnownFileType = text.plist.xml; path = Info.plist; sourceTree = "<group>"; };
/* End PBXFileReference section */

/* Begin PBXFrameworksBuildPhase section */
		D5EA7323270C25D100A1572D /* Frameworks */ = {
			isa = PBXFrameworksBuildPhase;
			buildActionMask = 2147483647;
			files = (
			);
			runOnlyForDeploymentPostprocessing = 0;
		};
		D5EA7339270C25D300A1572D /* Frameworks */ = {
			isa = PBXFrameworksBuildPhase;
			buildActionMask = 2147483647;
			files = (
			);
			runOnlyForDeploymentPostprocessing = 0;
		};
		D5EA7344270C25D300A1572D /* Frameworks */ = {
			isa = PBXFrameworksBuildPhase;
			buildActionMask = 2147483647;
			files = (
			);
			runOnlyForDeploymentPostprocessing = 0;
		};
/* End PBXFrameworksBuildPhase section */

/* Begin PBXGroup section */
		D5EA731D270C25D100A1572D = {
			isa = PBXGroup;
			children = (
				D5EA7328270C25D100A1572D /* Flix */,
				D5EA733F270C25D300A1572D /* FlixTests */,
				D5EA734A270C25D300A1572D /* FlixUITests */,
				D5EA7327270C25D100A1572D /* Products */,
			);
			sourceTree = "<group>";
		};
		D5EA7327270C25D100A1572D /* Products */ = {
			isa = PBXGroup;
			children = (
				D5EA7326270C25D100A1572D /* Flix.app */,
				D5EA733C270C25D300A1572D /* FlixTests.xctest */,
				D5EA7347270C25D300A1572D /* FlixUITests.xctest */,
			);
			name = Products;
			sourceTree = "<group>";
		};
		D5EA7328270C25D100A1572D /* Flix */ = {
			isa = PBXGroup;
			children = (
				D5EA7329270C25D100A1572D /* AppDelegate.swift */,
				D5EA732B270C25D100A1572D /* SceneDelegate.swift */,
				D5EA732D270C25D100A1572D /* ViewController.swift */,
				D5EA732F270C25D100A1572D /* Main.storyboard */,
				D5EA7332270C25D300A1572D /* Assets.xcassets */,
				D5EA7334270C25D300A1572D /* LaunchScreen.storyboard */,
				D5EA7337270C25D300A1572D /* Info.plist */,
			);
			path = Flix;
			sourceTree = "<group>";
		};
		D5EA733F270C25D300A1572D /* FlixTests */ = {
			isa = PBXGroup;
			children = (
				D5EA7340270C25D300A1572D /* FlixTests.swift */,
				D5EA7342270C25D300A1572D /* Info.plist */,
			);
			path = FlixTests;
			sourceTree = "<group>";
		};
		D5EA734A270C25D300A1572D /* FlixUITests */ = {
			isa = PBXGroup;
			children = (
				D5EA734B270C25D300A1572D /* FlixUITests.swift */,
				D5EA734D270C25D300A1572D /* Info.plist */,
			);
			path = FlixUITests;
			sourceTree = "<group>";
		};
/* End PBXGroup section */

/* Begin PBXNativeTarget section */
		D5EA7325270C25D100A1572D /* Flix */ = {
			isa = PBXNativeTarget;
			buildConfigurationList = D5EA7350270C25D300A1572D /* Build configuration list for PBXNativeTarget "Flix" */;
			buildPhases = (
				D5EA7322270C25D100A1572D /* Sources */,
				D5EA7323270C25D100A1572D /* Frameworks */,
				D5EA7324270C25D100A1572D /* Resources */,
			);
			buildRules = (
			);
			dependencies = (
			);
			name = Flix;
			productName = Flix;
			productReference = D5EA7326270C25D100A1572D /* Flix.app */;
			productType = "com.apple.product-type.application";
		};
		D5EA733B270C25D300A1572D /* FlixTests */ = {
			isa = PBXNativeTarget;
			buildConfigurationList = D5EA7353270C25D300A1572D /* Build configuration list for PBXNativeTarget "FlixTests" */;
			buildPhases = (
				D5EA7338270C25D300A1572D /* Sources */,
				D5EA7339270C25D300A1572D /* Frameworks */,
				D5EA733A270C25D300A1572D /* Resources */,
			);
			buildRules = (
			);
			dependencies = (
				D5EA733E270C25D300A1572D /* PBXTargetDependency */,
			);
			name = FlixTests;
			productName = FlixTests;
			productReference = D5EA733C270C25D300A1572D /* FlixTests.xctest */;
			productType = "com.apple.product-type.bundle.unit-test";
		};
		D5EA7346270C25D300A1572D /* FlixUITests */ = {
			isa = PBXNativeTarget;
			buildConfigurationList = D5EA7356270C25D300A1572D /* Build configuration list for PBXNativeTarget "FlixUITests" */;
			buildPhases = (
				D5EA7343270C25D300A1572D /* Sources */,
				D5EA7344270C25D300A1572D /* Frameworks */,
				D5EA7345270C25D300A1572D /* Resources */,
			);
			buildRules = (
			);
			dependencies = (
				D5EA7349270C25D300A1572D /* PBXTargetDependency */,
			);
			name = FlixUITests;
			productName = FlixUITests;
			productReference = D5EA7347270C25D300A1572D /* FlixUITests.xctest */;
			productType = "com.apple.product-type.bundle.ui-testing";
		};
/* End PBXNativeTarget section */

/* Begin PBXProject section */
		D5EA731E270C25D100A1572D /* Project object */ = {
			isa = PBXProject;
			attributes = {
				LastSwiftUpdateCheck = 1220;
				LastUpgradeCheck = 1220;
				TargetAttributes = {
					D5EA7325270C25D100A1572D = {
						CreatedOnToolsVersion = 12.2;
					};
					D5EA733B270C25D300A1572D = {
						CreatedOnToolsVersion = 12.2;
						TestTargetID = D5EA7325270C25D100A1572D;
					};
					D5EA7346270C25D300A1572D = {
						CreatedOnToolsVersion = 12.2;
						TestTargetID = D5EA7325270C25D100A1572D;
					};
				};
			};
			buildConfigurationList = D5EA7321270C25D100A1572D /* Build configuration list for PBXProject "Flix" */;
			compatibilityVersion = "Xcode 9.3";
			developmentRegion = en;
			hasScannedForEncodings = 0;
			knownRegions = (
				en,
				Base,
			);
			mainGroup = D5EA731D270C25D100A1572D;
			productRefGroup = D5EA7327270C25D100A1572D /* Products */;
			projectDirPath = "";
			projectRoot = "";
			targets = (
				D5EA7325270C25D100A1572D /* Flix */,
				D5EA733B270C25D300A1572D /* FlixTests */,
				D5EA7346270C25D300A1572D /* FlixUITests */,
			);
		};
/* End PBXProject section */

/* Begin PBXResourcesBuildPhase section */
		D5EA7324270C25D100A1572D /* Resources */ = {
			isa = PBXResourcesBuildPhase;
			buildActionMask = 2147483647;
			files = (
				D5EA7336270C25D300A1572D /* LaunchScreen.storyboard in Resources */,
				D5EA7333270C25D300A1572D /* Assets.xcassets in Resources */,
				D5EA7331270C25D100A1572D /* Main.storyboard in Resources */,
			);
			runOnlyForDeploymentPostprocessing = 0;
		};
		D5EA733A270C25D300A1572D /* Resources */ = {
			isa = PBXResourcesBuildPhase;
			buildActionMask = 2147483647;
			files = (
			);
			runOnlyForDeploymentPostprocessing = 0;
		};
		D5EA7345270C25D300A1572D /* Resources */ = {
			isa = PBXResourcesBuildPhase;
			buildActionMask = 2147483647;
			files = (
			);
			runOnlyForDeploymentPostprocessing = 0;
		};
/* End PBXResourcesBuildPhase section */

/* Begin PBXSourcesBuildPhase section */
		D5EA7322270C25D100A1572D /* Sources */ = {
			isa = PBXSourcesBuildPhase;
			buildActionMask = 2147483647;
			files = (
				D5EA732E270C25D100A1572D /* ViewController.swift in Sources */,
				D5EA732A270C25D100A1572D /* AppDelegate.swift in Sources */,
				D5EA732C270C25D100A1572D /* SceneDelegate.swift in Sources */,
			);
			runOnlyForDeploymentPostprocessing = 0;
		};
		D5EA7338270C25D300A1572D /* Sources */ = {
			isa = PBXSourcesBuildPhase;
			buildActionMask = 2147483647;
			files = (
				D5EA7341270C25D300A1572D /* FlixTests.swift in Sources */,
			);
			runOnlyForDeploymentPostprocessing = 0;
		};
		D5EA7343270C25D300A1572D /* Sources */ = {
			isa = PBXSourcesBuildPhase;
			buildActionMask = 2147483647;
			files = (
				D5EA734C270C25D300A1572D /* FlixUITests.swift in Sources */,
			);
			runOnlyForDeploymentPostprocessing = 0;
		};
/* End PBXSourcesBuildPhase section */

/* Begin PBXTargetDependency section */
		D5EA733E270C25D300A1572D /* PBXTargetDependency */ = {
			isa = PBXTargetDependency;
			target = D5EA7325270C25D100A1572D /* Flix */;
			targetProxy = D5EA733D270C25D300A1572D /* PBXContainerItemProxy */;
		};
		D5EA7349270C25D300A1572D /* PBXTargetDependency */ = {
			isa = PBXTargetDependency;
			target = D5EA7325270C25D100A1572D /* Flix */;
			targetProxy = D5EA7348270C25D300A1572D /* PBXContainerItemProxy */;
		};
/* End PBXTargetDependency section */

/* Begin PBXVariantGroup section */
		D5EA732F270C25D100A1572D /* Main.storyboard */ = {
			isa = PBXVariantGroup;
			children = (
				D5EA7330270C25D100A1572D /* Base */,
			);
			name = Main.storyboard;
			sourceTree = "<group>";
		};
		D5EA7334270C25D300A1572D /* LaunchScreen.storyboard */ = {
			isa = PBXVariantGroup;
			children = (
				D5EA7335270C25D300A1572D /* Base */,
			);
			name = LaunchScreen.storyboard;
			sourceTree = "<group>";
		};
/* End PBXVariantGroup section */

/* Begin XCBuildConfiguration section */
		D5EA734E270C25D300A1572D /* Debug */ = {
			isa = XCBuildConfiguration;
			buildSettings = {
				ALWAYS_SEARCH_USER_PATHS = NO;
				CLANG_ANALYZER_NONNULL = YES;
				CLANG_ANALYZER_NUMBER_OBJECT_CONVERSION = YES_AGGRESSIVE;
				CLANG_CXX_LANGUAGE_STANDARD = "gnu++14";
				CLANG_CXX_LIBRARY = "libc++";
				CLANG_ENABLE_MODULES = YES;
				CLANG_ENABLE_OBJC_ARC = YES;
				CLANG_ENABLE_OBJC_WEAK = YES;
				CLANG_WARN_BLOCK_CAPTURE_AUTORELEASING = YES;
				CLANG_WARN_BOOL_CONVERSION = YES;
				CLANG_WARN_COMMA = YES;
				CLANG_WARN_CONSTANT_CONVERSION = YES;
				CLANG_WARN_DEPRECATED_OBJC_IMPLEMENTATIONS = YES;
				CLANG_WARN_DIRECT_OBJC_ISA_USAGE = YES_ERROR;
				CLANG_WARN_DOCUMENTATION_COMMENTS = YES;
				CLANG_WARN_EMPTY_BODY = YES;
				CLANG_WARN_ENUM_CONVERSION = YES;
				CLANG_WARN_INFINITE_RECURSION = YES;
				CLANG_WARN_INT_CONVERSION = YES;
				CLANG_WARN_NON_LITERAL_NULL_CONVERSION = YES;
				CLANG_WARN_OBJC_IMPLICIT_RETAIN_SELF = YES;
				CLANG_WARN_OBJC_LITERAL_CONVERSION = YES;
				CLANG_WARN_OBJC_ROOT_CLASS = YES_ERROR;
				CLANG_WARN_QUOTED_INCLUDE_IN_FRAMEWORK_HEADER = YES;
				CLANG_WARN_RANGE_LOOP_ANALYSIS = YES;
				CLANG_WARN_STRICT_PROTOTYPES = YES;
				CLANG_WARN_SUSPICIOUS_MOVE = YES;
				CLANG_WARN_UNGUARDED_AVAILABILITY = YES_AGGRESSIVE;
				CLANG_WARN_UNREACHABLE_CODE = YES;
				CLANG_WARN__DUPLICATE_METHOD_MATCH = YES;
				COPY_PHASE_STRIP = NO;
				DEBUG_INFORMATION_FORMAT = dwarf;
				ENABLE_STRICT_OBJC_MSGSEND = YES;
				ENABLE_TESTABILITY = YES;
				GCC_C_LANGUAGE_STANDARD = gnu11;
				GCC_DYNAMIC_NO_PIC = NO;
				GCC_NO_COMMON_BLOCKS = YES;
				GCC_OPTIMIZATION_LEVEL = 0;
				GCC_PREPROCESSOR_DEFINITIONS = (
					"DEBUG=1",
					"$(inherited)",
				);
				GCC_WARN_64_TO_32_BIT_CONVERSION = YES;
				GCC_WARN_ABOUT_RETURN_TYPE = YES_ERROR;
				GCC_WARN_UNDECLARED_SELECTOR = YES;
				GCC_WARN_UNINITIALIZED_AUTOS = YES_AGGRESSIVE;
				GCC_WARN_UNUSED_FUNCTION = YES;
				GCC_WARN_UNUSED_VARIABLE = YES;
				IPHONEOS_DEPLOYMENT_TARGET = 14.2;
				MTL_ENABLE_DEBUG_INFO = INCLUDE_SOURCE;
				MTL_FAST_MATH = YES;
				ONLY_ACTIVE_ARCH = YES;
				SDKROOT = iphoneos;
				SWIFT_ACTIVE_COMPILATION_CONDITIONS = DEBUG;
				SWIFT_OPTIMIZATION_LEVEL = "-Onone";
			};
			name = Debug;
		};
		D5EA734F270C25D300A1572D /* Release */ = {
			isa = XCBuildConfiguration;
			buildSettings = {
				ALWAYS_SEARCH_USER_PATHS = NO;
				CLANG_ANALYZER_NONNULL = YES;
				CLANG_ANALYZER_NUMBER_OBJECT_CONVERSION = YES_AGGRESSIVE;
				CLANG_CXX_LANGUAGE_STANDARD = "gnu++14";
				CLANG_CXX_LIBRARY = "libc++";
				CLANG_ENABLE_MODULES = YES;
				CLANG_ENABLE_OBJC_ARC = YES;
				CLANG_ENABLE_OBJC_WEAK = YES;
				CLANG_WARN_BLOCK_CAPTURE_AUTORELEASING = YES;
				CLANG_WARN_BOOL_CONVERSION = YES;
				CLANG_WARN_COMMA = YES;
				CLANG_WARN_CONSTANT_CONVERSION = YES;
				CLANG_WARN_DEPRECATED_OBJC_IMPLEMENTATIONS = YES;
				CLANG_WARN_DIRECT_OBJC_ISA_USAGE = YES_ERROR;
				CLANG_WARN_DOCUMENTATION_COMMENTS = YES;
				CLANG_WARN_EMPTY_BODY = YES;
				CLANG_WARN_ENUM_CONVERSION = YES;
				CLANG_WARN_INFINITE_RECURSION = YES;
				CLANG_WARN_INT_CONVERSION = YES;
				CLANG_WARN_NON_LITERAL_NULL_CONVERSION = YES;
				CLANG_WARN_OBJC_IMPLICIT_RETAIN_SELF = YES;
				CLANG_WARN_OBJC_LITERAL_CONVERSION = YES;
				CLANG_WARN_OBJC_ROOT_CLASS = YES_ERROR;
				CLANG_WARN_QUOTED_INCLUDE_IN_FRAMEWORK_HEADER = YES;
				CLANG_WARN_RANGE_LOOP_ANALYSIS = YES;
				CLANG_WARN_STRICT_PROTOTYPES = YES;
				CLANG_WARN_SUSPICIOUS_MOVE = YES;
				CLANG_WARN_UNGUARDED_AVAILABILITY = YES_AGGRESSIVE;
				CLANG_WARN_UNREACHABLE_CODE = YES;
				CLANG_WARN__DUPLICATE_METHOD_MATCH = YES;
				COPY_PHASE_STRIP = NO;
				DEBUG_INFORMATION_FORMAT = "dwarf-with-dsym";
				ENABLE_NS_ASSERTIONS = NO;
				ENABLE_STRICT_OBJC_MSGSEND = YES;
				GCC_C_LANGUAGE_STANDARD = gnu11;
				GCC_NO_COMMON_BLOCKS = YES;
				GCC_WARN_64_TO_32_BIT_CONVERSION = YES;
				GCC_WARN_ABOUT_RETURN_TYPE = YES_ERROR;
				GCC_WARN_UNDECLARED_SELECTOR = YES;
				GCC_WARN_UNINITIALIZED_AUTOS = YES_AGGRESSIVE;
				GCC_WARN_UNUSED_FUNCTION = YES;
				GCC_WARN_UNUSED_VARIABLE = YES;
				IPHONEOS_DEPLOYMENT_TARGET = 14.2;
				MTL_ENABLE_DEBUG_INFO = NO;
				MTL_FAST_MATH = YES;
				SDKROOT = iphoneos;
				SWIFT_COMPILATION_MODE = wholemodule;
				SWIFT_OPTIMIZATION_LEVEL = "-O";
				VALIDATE_PRODUCT = YES;
			};
			name = Release;
		};
		D5EA7351270C25D300A1572D /* Debug */ = {
			isa = XCBuildConfiguration;
			buildSettings = {
				ASSETCATALOG_COMPILER_APPICON_NAME = AppIcon;
				ASSETCATALOG_COMPILER_GLOBAL_ACCENT_COLOR_NAME = AccentColor;
				CODE_SIGN_STYLE = Automatic;
				DEVELOPMENT_TEAM = G6B5GY869D;
				INFOPLIST_FILE = Flix/Info.plist;
				LD_RUNPATH_SEARCH_PATHS = (
					"$(inherited)",
					"@executable_path/Frameworks",
				);
				PRODUCT_BUNDLE_IDENTIFIER = com.product.Flix;
				PRODUCT_NAME = "$(TARGET_NAME)";
				SWIFT_VERSION = 5.0;
				TARGETED_DEVICE_FAMILY = "1,2";
			};
			name = Debug;
		};
		D5EA7352270C25D300A1572D /* Release */ = {
			isa = XCBuildConfiguration;
			buildSettings = {
				ASSETCATALOG_COMPILER_APPICON_NAME = AppIcon;
				ASSETCATALOG_COMPILER_GLOBAL_ACCENT_COLOR_NAME = AccentColor;
				CODE_SIGN_STYLE = Automatic;
				DEVELOPMENT_TEAM = G6B5GY869D;
				INFOPLIST_FILE = Flix/Info.plist;
				LD_RUNPATH_SEARCH_PATHS = (
					"$(inherited)",
					"@executable_path/Frameworks",
				);
				PRODUCT_BUNDLE_IDENTIFIER = com.product.Flix;
				PRODUCT_NAME = "$(TARGET_NAME)";
				SWIFT_VERSION = 5.0;
				TARGETED_DEVICE_FAMILY = "1,2";
			};
			name = Release;
		};
		D5EA7354270C25D300A1572D /* Debug */ = {
			isa = XCBuildConfiguration;
			buildSettings = {
				ALWAYS_EMBED_SWIFT_STANDARD_LIBRARIES = YES;
				BUNDLE_LOADER = "$(TEST_HOST)";
				CODE_SIGN_STYLE = Automatic;
				DEVELOPMENT_TEAM = G6B5GY869D;
				INFOPLIST_FILE = FlixTests/Info.plist;
				IPHONEOS_DEPLOYMENT_TARGET = 14.2;
				LD_RUNPATH_SEARCH_PATHS = (
					"$(inherited)",
					"@executable_path/Frameworks",
					"@loader_path/Frameworks",
				);
				PRODUCT_BUNDLE_IDENTIFIER = com.product.FlixTests;
				PRODUCT_NAME = "$(TARGET_NAME)";
				SWIFT_VERSION = 5.0;
				TARGETED_DEVICE_FAMILY = "1,2";
				TEST_HOST = "$(BUILT_PRODUCTS_DIR)/Flix.app/Flix";
			};
			name = Debug;
		};
		D5EA7355270C25D300A1572D /* Release */ = {
			isa = XCBuildConfiguration;
			buildSettings = {
				ALWAYS_EMBED_SWIFT_STANDARD_LIBRARIES = YES;
				BUNDLE_LOADER = "$(TEST_HOST)";
				CODE_SIGN_STYLE = Automatic;
				DEVELOPMENT_TEAM = G6B5GY869D;
				INFOPLIST_FILE = FlixTests/Info.plist;
				IPHONEOS_DEPLOYMENT_TARGET = 14.2;
				LD_RUNPATH_SEARCH_PATHS = (
					"$(inherited)",
					"@executable_path/Frameworks",
					"@loader_path/Frameworks",
				);
				PRODUCT_BUNDLE_IDENTIFIER = com.product.FlixTests;
				PRODUCT_NAME = "$(TARGET_NAME)";
				SWIFT_VERSION = 5.0;
				TARGETED_DEVICE_FAMILY = "1,2";
				TEST_HOST = "$(BUILT_PRODUCTS_DIR)/Flix.app/Flix";
			};
			name = Release;
		};
		D5EA7357270C25D300A1572D /* Debug */ = {
			isa = XCBuildConfiguration;
			buildSettings = {
				ALWAYS_EMBED_SWIFT_STANDARD_LIBRARIES = YES;
				CODE_SIGN_STYLE = Automatic;
				DEVELOPMENT_TEAM = G6B5GY869D;
				INFOPLIST_FILE = FlixUITests/Info.plist;
				LD_RUNPATH_SEARCH_PATHS = (
					"$(inherited)",
					"@executable_path/Frameworks",
					"@loader_path/Frameworks",
				);
				PRODUCT_BUNDLE_IDENTIFIER = com.product.FlixUITests;
				PRODUCT_NAME = "$(TARGET_NAME)";
				SWIFT_VERSION = 5.0;
				TARGETED_DEVICE_FAMILY = "1,2";
				TEST_TARGET_NAME = Flix;
			};
			name = Debug;
		};
		D5EA7358270C25D300A1572D /* Release */ = {
			isa = XCBuildConfiguration;
			buildSettings = {
				ALWAYS_EMBED_SWIFT_STANDARD_LIBRARIES = YES;
				CODE_SIGN_STYLE = Automatic;
				DEVELOPMENT_TEAM = G6B5GY869D;
				INFOPLIST_FILE = FlixUITests/Info.plist;
				LD_RUNPATH_SEARCH_PATHS = (
					"$(inherited)",
					"@executable_path/Frameworks",
					"@loader_path/Frameworks",
				);
				PRODUCT_BUNDLE_IDENTIFIER = com.product.FlixUITests;
				PRODUCT_NAME = "$(TARGET_NAME)";
				SWIFT_VERSION = 5.0;
				TARGETED_DEVICE_FAMILY = "1,2";
				TEST_TARGET_NAME = Flix;
			};
			name = Release;
		};
/* End XCBuildConfiguration section */

/* Begin XCConfigurationList section */
		D5EA7321270C25D100A1572D /* Build configuration list for PBXProject "Flix" */ = {
			isa = XCConfigurationList;
			buildConfigurations = (
				D5EA734E270C25D300A1572D /* Debug */,
				D5EA734F270C25D300A1572D /* Release */,
			);
			defaultConfigurationIsVisible = 0;
			defaultConfigurationName = Release;
		};
		D5EA7350270C25D300A1572D /* Build configuration list for PBXNativeTarget "Flix" */ = {
			isa = XCConfigurationList;
			buildConfigurations = (
				D5EA7351270C25D300A1572D /* Debug */,
				D5EA7352270C25D300A1572D /* Release */,
			);
			defaultConfigurationIsVisible = 0;
			defaultConfigurationName = Release;
		};
		D5EA7353270C25D300A1572D /* Build configuration list for PBXNativeTarget "FlixTests" */ = {
			isa = XCConfigurationList;
			buildConfigurations = (
				D5EA7354270C25D300A1572D /* Debug */,
				D5EA7355270C25D300A1572D /* Release */,
			);
			defaultConfigurationIsVisible = 0;
			defaultConfigurationName = Release;
		};
		D5EA7356270C25D300A1572D /* Build configuration list for PBXNativeTarget "FlixUITests" */ = {
			isa = XCConfigurationList;
			buildConfigurations = (
				D5EA7357270C25D300A1572D /* Debug */,
				D5EA7358270C25D300A1572D /* Release */,
			);
			defaultConfigurationIsVisible = 0;
			defaultConfigurationName = Release;
		};
/* End XCConfigurationList section */
	};
	rootObject = D5EA731E270C25D100A1572D /* Project object */;
}
